
Microsoft Visual Studio Solution File, Format Version 12.00
# Visual Studio Version 16
VisualStudioVersion = 16.0.29201.188
MinimumVisualStudioVersion = 10.0.40219.1
Project("{FAE04EC0-301F-11D3-BF4B-00C04F79EFBC}") = "PairedProgrammingCalculatorProject", "PairedProgrammingCalculatorProject\PairedProgrammingCalculatorProject.csproj", "{193FCF4D-31C7-4C1E-BA97-1018CCE38C99}"
EndProject
Project("{FAE04EC0-301F-11D3-BF4B-00C04F79EFBC}") = "CalculatorLibrary", "CalculatorLibrary\CalculatorLibrary.csproj", "{13C71C03-1A4C-429E-9BDA-365AF5A16216}"
EndProject
Project("{FAE04EC0-301F-11D3-BF4B-00C04F79EFBC}") = "CalculatorLibraryTest", "CalculatorLibraryTest\CalculatorLibraryTest.csproj", "{2D39283B-CD98-4632-9220-D0D7028EB30D}"
EndProject
Global
	GlobalSection(SolutionConfigurationPlatforms) = preSolution
		Debug|Any CPU = Debug|Any CPU
		Release|Any CPU = Release|Any CPU
	EndGlobalSection
	GlobalSection(ProjectConfigurationPlatforms) = postSolution
		{193FCF4D-31C7-4C1E-BA97-1018CCE38C99}.Debug|Any CPU.ActiveCfg = Debug|Any CPU
		{193FCF4D-31C7-4C1E-BA97-1018CCE38C99}.Debug|Any CPU.Build.0 = Debug|Any CPU
		{193FCF4D-31C7-4C1E-BA97-1018CCE38C99}.Release|Any CPU.ActiveCfg = Release|Any CPU
		{193FCF4D-31C7-4C1E-BA97-1018CCE38C99}.Release|Any CPU.Build.0 = Release|Any CPU
		{13C71C03-1A4C-429E-9BDA-365AF5A16216}.Debug|Any CPU.ActiveCfg = Debug|Any CPU
		{13C71C03-1A4C-429E-9BDA-365AF5A16216}.Debug|Any CPU.Build.0 = Debug|Any CPU
		{13C71C03-1A4C-429E-9BDA-365AF5A16216}.Release|Any CPU.ActiveCfg = Release|Any CPU
		{13C71C03-1A4C-429E-9BDA-365AF5A16216}.Release|Any CPU.Build.0 = Release|Any CPU
		{2D39283B-CD98-4632-9220-D0D7028EB30D}.Debug|Any CPU.ActiveCfg = Debug|Any CPU
		{2D39283B-CD98-4632-9220-D0D7028EB30D}.Debug|Any CPU.Build.0 = Debug|Any CPU
		{2D39283B-CD98-4632-9220-D0D7028EB30D}.Release|Any CPU.ActiveCfg = Release|Any CPU
		{2D39283B-CD98-4632-9220-D0D7028EB30D}.Release|Any CPU.Build.0 = Release|Any CPU
	EndGlobalSection
	GlobalSection(SolutionProperties) = preSolution
		HideSolutionNode = FALSE
	EndGlobalSection
	GlobalSection(ExtensibilityGlobals) = postSolution
		SolutionGuid = {98AE87E3-3E0A-42B9-94AF-D347C4518049}
	EndGlobalSection
EndGlobal
